
Microsoft Visual Studio Solution File, Format Version 12.00
# Visual Studio Version 16
VisualStudioVersion = 16.0.30907.101
MinimumVisualStudioVersion = 10.0.40219.1
Project("{FAE04EC0-301F-11D3-BF4B-00C04F79EFBC}") = "Impacta.AutomatedSoftwareTesting.Palindrome.App", "Impacta.AutomatedSoftwareTesting.Palindrome.App\Impacta.AutomatedSoftwareTesting.Palindrome.App.csproj", "{B2F4A4D1-8303-4138-AE06-56CAF664F36F}"
EndProject
Project("{FAE04EC0-301F-11D3-BF4B-00C04F79EFBC}") = "Impacta.AutomatedSoftwareTesting.Palindrome.Tests", "Impacta.AutomatedSoftwareTesting.Palindrome.Tests\Impacta.AutomatedSoftwareTesting.Palindrome.Tests.csproj", "{0F5CB262-616F-4DB8-A63D-6B520E5C9769}"
EndProject
Global
	GlobalSection(SolutionConfigurationPlatforms) = preSolution
		Debug|Any CPU = Debug|Any CPU
		Release|Any CPU = Release|Any CPU
	EndGlobalSection
	GlobalSection(ProjectConfigurationPlatforms) = postSolution
		{B2F4A4D1-8303-4138-AE06-56CAF664F36F}.Debug|Any CPU.ActiveCfg = Debug|Any CPU
		{B2F4A4D1-8303-4138-AE06-56CAF664F36F}.Debug|Any CPU.Build.0 = Debug|Any CPU
		{B2F4A4D1-8303-4138-AE06-56CAF664F36F}.Release|Any CPU.ActiveCfg = Release|Any CPU
		{B2F4A4D1-8303-4138-AE06-56CAF664F36F}.Release|Any CPU.Build.0 = Release|Any CPU
		{0F5CB262-616F-4DB8-A63D-6B520E5C9769}.Debug|Any CPU.ActiveCfg = Debug|Any CPU
		{0F5CB262-616F-4DB8-A63D-6B520E5C9769}.Debug|Any CPU.Build.0 = Debug|Any CPU
		{0F5CB262-616F-4DB8-A63D-6B520E5C9769}.Release|Any CPU.ActiveCfg = Release|Any CPU
		{0F5CB262-616F-4DB8-A63D-6B520E5C9769}.Release|Any CPU.Build.0 = Release|Any CPU
	EndGlobalSection
	GlobalSection(SolutionProperties) = preSolution
		HideSolutionNode = FALSE
	EndGlobalSection
	GlobalSection(ExtensibilityGlobals) = postSolution
		SolutionGuid = {26CF8DAD-C281-4EDC-A7E5-E1FE66B15716}
	EndGlobalSection
EndGlobal
